
Microsoft Visual Studio Solution File, Format Version 12.00
# Visual Studio Version 16
VisualStudioVersion = 16.0.31729.503
MinimumVisualStudioVersion = 10.0.40219.1
Project("{FAE04EC0-301F-11D3-BF4B-00C04F79EFBC}") = "SWII_TP2", "SWII_TP2.csproj", "{631615FB-352B-4B01-9BF3-DFD2090325D2}"
EndProject
Global
	GlobalSection(SolutionConfigurationPlatforms) = preSolution
		Debug|Any CPU = Debug|Any CPU
		Release|Any CPU = Release|Any CPU
	EndGlobalSection
	GlobalSection(ProjectConfigurationPlatforms) = postSolution
		{631615FB-352B-4B01-9BF3-DFD2090325D2}.Debug|Any CPU.ActiveCfg = Debug|Any CPU
		{631615FB-352B-4B01-9BF3-DFD2090325D2}.Debug|Any CPU.Build.0 = Debug|Any CPU
		{631615FB-352B-4B01-9BF3-DFD2090325D2}.Release|Any CPU.ActiveCfg = Release|Any CPU
		{631615FB-352B-4B01-9BF3-DFD2090325D2}.Release|Any CPU.Build.0 = Release|Any CPU
	EndGlobalSection
	GlobalSection(SolutionProperties) = preSolution
		HideSolutionNode = FALSE
	EndGlobalSection
	GlobalSection(ExtensibilityGlobals) = postSolution
		SolutionGuid = {1D34558D-B0E4-4AD2-BA16-462E8343A767}
	EndGlobalSection
EndGlobal
